{
  "lib/chainlink-local": {
    "tag": {
      "name": "v0.2.7-beta",
      "rev": "585ae93ebb0e92d35c732711ed16bb4729cb04dc"
    }
  },
  "lib/forge-std": {
    "tag": {
      "name": "v1.14.0",
      "rev": "1801b0541f4fda118a10798fd3486bb7051c5dd6"
    }
  },
  "lib/openzeppelin-contracts": {
    "tag": {
      "name": "v5.1.0",
      "rev": "69c8def5f222ff96f2b5beff05dfba996368aa79"
    }
  }
}